
Microsoft Visual Studio Solution File, Format Version 12.00
# Visual Studio Version 16
VisualStudioVersion = 16.0.30002.166
MinimumVisualStudioVersion = 10.0.40219.1
Project("{FAE04EC0-301F-11D3-BF4B-00C04F79EFBC}") = "AppServiceWebApps", "AppServiceWebApps\AppServiceWebApps.csproj", "{74AE4B57-42A4-474C-B20F-39527ED62787}"
EndProject
Project("{FAE04EC0-301F-11D3-BF4B-00C04F79EFBC}") = "mvcapp", "..\mvcapp -5\mvcapp\mvcapp.csproj", "{4BBD3A00-5283-4EFB-A0DB-EA9B83583FA7}"
EndProject
Project("{9A19103F-16F7-4668-BE54-9A1E7A4F7556}") = "coreproj", "..\coreapp - 1\coreproj\coreproj.csproj", "{EA3DFDB0-B91B-45A4-8EEC-F9EEF57C1577}"
EndProject
Global
	GlobalSection(SolutionConfigurationPlatforms) = preSolution
		Debug|Any CPU = Debug|Any CPU
		Release|Any CPU = Release|Any CPU
	EndGlobalSection
	GlobalSection(ProjectConfigurationPlatforms) = postSolution
		{74AE4B57-42A4-474C-B20F-39527ED62787}.Debug|Any CPU.ActiveCfg = Debug|Any CPU
		{74AE4B57-42A4-474C-B20F-39527ED62787}.Debug|Any CPU.Build.0 = Debug|Any CPU
		{74AE4B57-42A4-474C-B20F-39527ED62787}.Release|Any CPU.ActiveCfg = Release|Any CPU
		{74AE4B57-42A4-474C-B20F-39527ED62787}.Release|Any CPU.Build.0 = Release|Any CPU
		{4BBD3A00-5283-4EFB-A0DB-EA9B83583FA7}.Debug|Any CPU.ActiveCfg = Debug|Any CPU
		{4BBD3A00-5283-4EFB-A0DB-EA9B83583FA7}.Debug|Any CPU.Build.0 = Debug|Any CPU
		{4BBD3A00-5283-4EFB-A0DB-EA9B83583FA7}.Release|Any CPU.ActiveCfg = Release|Any CPU
		{4BBD3A00-5283-4EFB-A0DB-EA9B83583FA7}.Release|Any CPU.Build.0 = Release|Any CPU
		{EA3DFDB0-B91B-45A4-8EEC-F9EEF57C1577}.Debug|Any CPU.ActiveCfg = Debug|Any CPU
		{EA3DFDB0-B91B-45A4-8EEC-F9EEF57C1577}.Debug|Any CPU.Build.0 = Debug|Any CPU
		{EA3DFDB0-B91B-45A4-8EEC-F9EEF57C1577}.Release|Any CPU.ActiveCfg = Release|Any CPU
		{EA3DFDB0-B91B-45A4-8EEC-F9EEF57C1577}.Release|Any CPU.Build.0 = Release|Any CPU
	EndGlobalSection
	GlobalSection(SolutionProperties) = preSolution
		HideSolutionNode = FALSE
	EndGlobalSection
	GlobalSection(ExtensibilityGlobals) = postSolution
		SolutionGuid = {DB1AE6F7-6D08-4D6D-BB5F-98392734726F}
	EndGlobalSection
EndGlobal
