
Microsoft Visual Studio Solution File, Format Version 10.00
# Visual Studio 2008
Project("{FAE04EC0-301F-11D3-BF4B-00C04F79EFBC}") = "davidsp8.windows.PostSamlAssertion", "davidsp8.windows.PostSamlAssertion\davidsp8.windows.PostSamlAssertion.csproj", "{029A6B87-169D-469E-9468-ED811DDC75C2}"
EndProject
Project("{2150E333-8FDC-42A3-9474-1A3956D46DE8}") = "CodeProject", "CodeProject", "{5D58E79D-248F-47CD-9962-4E52AB4AB463}"
	ProjectSection(SolutionItems) = preProject
		..\..\Article.gif = ..\..\Article.gif
		..\..\codeproject_saml.html = ..\..\codeproject_saml.html
		..\..\demoapp.gif = ..\..\demoapp.gif
		..\..\ExampleSaml.xml = ..\..\ExampleSaml.xml
		..\..\ExampleSamlSigned.xml = ..\..\ExampleSamlSigned.xml
		..\..\Package.bat = ..\..\Package.bat
		..\..\Saml_Runtime.zip = ..\..\Saml_Runtime.zip
		..\..\Saml_Source.zip = ..\..\Saml_Source.zip
	EndProjectSection
EndProject
Project("{FAE04EC0-301F-11D3-BF4B-00C04F79EFBC}") = "davidsp8.common.Security.Saml20", "davidsp8.common.Security.Saml20\davidsp8.common.Security.Saml20.csproj", "{36B3D8EE-0808-49F9-BB61-CCFD93B11DA9}"
EndProject
Project("{FAE04EC0-301F-11D3-BF4B-00C04F79EFBC}") = "davidsp8.common.Security.Saml11", "davidsp8.common.Security.Saml11\davidsp8.common.Security.Saml11.csproj", "{83C10451-89AD-4246-A44C-830E7E2D13EB}"
EndProject
Project("{FAE04EC0-301F-11D3-BF4B-00C04F79EFBC}") = "davidsp8.common.Security.Saml", "davidsp8.common.Security.Saml\davidsp8.common.Security.Saml.csproj", "{B77C26C7-B10D-471B-B2C0-24788408981A}"
EndProject
Project("{FAE04EC0-301F-11D3-BF4B-00C04F79EFBC}") = "davidsp8.web.PostSamlAssertion", "davidsp8.web.PostSamlAssertion\davidsp8.web.PostSamlAssertion.csproj", "{A827C628-3D1F-4FD1-ACA4-9544FADE7B57}"
EndProject
Global
	GlobalSection(SolutionConfigurationPlatforms) = preSolution
		Debug|Any CPU = Debug|Any CPU
		Release|Any CPU = Release|Any CPU
	EndGlobalSection
	GlobalSection(ProjectConfigurationPlatforms) = postSolution
		{029A6B87-169D-469E-9468-ED811DDC75C2}.Debug|Any CPU.ActiveCfg = Debug|Any CPU
		{029A6B87-169D-469E-9468-ED811DDC75C2}.Debug|Any CPU.Build.0 = Debug|Any CPU
		{029A6B87-169D-469E-9468-ED811DDC75C2}.Release|Any CPU.ActiveCfg = Release|Any CPU
		{029A6B87-169D-469E-9468-ED811DDC75C2}.Release|Any CPU.Build.0 = Release|Any CPU
		{36B3D8EE-0808-49F9-BB61-CCFD93B11DA9}.Debug|Any CPU.ActiveCfg = Debug|Any CPU
		{36B3D8EE-0808-49F9-BB61-CCFD93B11DA9}.Debug|Any CPU.Build.0 = Debug|Any CPU
		{36B3D8EE-0808-49F9-BB61-CCFD93B11DA9}.Release|Any CPU.ActiveCfg = Release|Any CPU
		{36B3D8EE-0808-49F9-BB61-CCFD93B11DA9}.Release|Any CPU.Build.0 = Release|Any CPU
		{83C10451-89AD-4246-A44C-830E7E2D13EB}.Debug|Any CPU.ActiveCfg = Debug|Any CPU
		{83C10451-89AD-4246-A44C-830E7E2D13EB}.Debug|Any CPU.Build.0 = Debug|Any CPU
		{83C10451-89AD-4246-A44C-830E7E2D13EB}.Release|Any CPU.ActiveCfg = Release|Any CPU
		{83C10451-89AD-4246-A44C-830E7E2D13EB}.Release|Any CPU.Build.0 = Release|Any CPU
		{B77C26C7-B10D-471B-B2C0-24788408981A}.Debug|Any CPU.ActiveCfg = Debug|Any CPU
		{B77C26C7-B10D-471B-B2C0-24788408981A}.Debug|Any CPU.Build.0 = Debug|Any CPU
		{B77C26C7-B10D-471B-B2C0-24788408981A}.Release|Any CPU.ActiveCfg = Release|Any CPU
		{B77C26C7-B10D-471B-B2C0-24788408981A}.Release|Any CPU.Build.0 = Release|Any CPU
		{A827C628-3D1F-4FD1-ACA4-9544FADE7B57}.Debug|Any CPU.ActiveCfg = Debug|Any CPU
		{A827C628-3D1F-4FD1-ACA4-9544FADE7B57}.Debug|Any CPU.Build.0 = Debug|Any CPU
		{A827C628-3D1F-4FD1-ACA4-9544FADE7B57}.Release|Any CPU.ActiveCfg = Release|Any CPU
		{A827C628-3D1F-4FD1-ACA4-9544FADE7B57}.Release|Any CPU.Build.0 = Release|Any CPU
	EndGlobalSection
	GlobalSection(SolutionProperties) = preSolution
		HideSolutionNode = FALSE
	EndGlobalSection
EndGlobal
