
Microsoft Visual Studio Solution File, Format Version 12.00
# Visual Studio Version 16
VisualStudioVersion = 16.0.30002.166
MinimumVisualStudioVersion = 10.0.40219.1
Project("{9A19103F-16F7-4668-BE54-9A1E7A4F7556}") = "ManageUsersGroupsAndRoles", "ManageUsersGroupsAndRoles.csproj", "{562EDB11-F6D0-4CDB-AA75-2D521F916CD8}"
EndProject
Global
	GlobalSection(SolutionConfigurationPlatforms) = preSolution
		Debug|Any CPU = Debug|Any CPU
		Release|Any CPU = Release|Any CPU
	EndGlobalSection
	GlobalSection(ProjectConfigurationPlatforms) = postSolution
		{562EDB11-F6D0-4CDB-AA75-2D521F916CD8}.Debug|Any CPU.ActiveCfg = Debug|Any CPU
		{562EDB11-F6D0-4CDB-AA75-2D521F916CD8}.Debug|Any CPU.Build.0 = Debug|Any CPU
		{562EDB11-F6D0-4CDB-AA75-2D521F916CD8}.Release|Any CPU.ActiveCfg = Release|Any CPU
		{562EDB11-F6D0-4CDB-AA75-2D521F916CD8}.Release|Any CPU.Build.0 = Release|Any CPU
	EndGlobalSection
	GlobalSection(SolutionProperties) = preSolution
		HideSolutionNode = FALSE
	EndGlobalSection
	GlobalSection(ExtensibilityGlobals) = postSolution
		SolutionGuid = {8AB2848F-1C03-4674-AB56-BED9C12FC3D4}
	EndGlobalSection
EndGlobal
